
Microsoft Visual Studio Solution File, Format Version 12.00
# Visual Studio Version 17
VisualStudioVersion = 17.8.34525.116
MinimumVisualStudioVersion = 10.0.40219.1
Project("{9A19103F-16F7-4668-BE54-9A1E7A4F7556}") = "listar_guardar", "listar_guardar.csproj", "{FA61BDB6-758C-4852-B57F-DCB4DD7326A9}"
EndProject
Global
	GlobalSection(SolutionConfigurationPlatforms) = preSolution
		Debug|Any CPU = Debug|Any CPU
		Release|Any CPU = Release|Any CPU
	EndGlobalSection
	GlobalSection(ProjectConfigurationPlatforms) = postSolution
		{FA61BDB6-758C-4852-B57F-DCB4DD7326A9}.Debug|Any CPU.ActiveCfg = Debug|Any CPU
		{FA61BDB6-758C-4852-B57F-DCB4DD7326A9}.Debug|Any CPU.Build.0 = Debug|Any CPU
		{FA61BDB6-758C-4852-B57F-DCB4DD7326A9}.Release|Any CPU.ActiveCfg = Release|Any CPU
		{FA61BDB6-758C-4852-B57F-DCB4DD7326A9}.Release|Any CPU.Build.0 = Release|Any CPU
	EndGlobalSection
	GlobalSection(SolutionProperties) = preSolution
		HideSolutionNode = FALSE
	EndGlobalSection
	GlobalSection(ExtensibilityGlobals) = postSolution
		SolutionGuid = {627479C8-6D78-4C32-BCDE-7610A2231D8D}
	EndGlobalSection
EndGlobal
